
Microsoft Visual Studio Solution File, Format Version 12.00
# Visual Studio Version 17
VisualStudioVersion = 17.3.32929.385
MinimumVisualStudioVersion = 10.0.40219.1
Project("{FAE04EC0-301F-11D3-BF4B-00C04F79EFBC}") = "texmin oyunu", "texmin oyunu\texmin oyunu.csproj", "{037FE1A9-2E00-4562-8197-8D9263BB573D}"
EndProject
Global
	GlobalSection(SolutionConfigurationPlatforms) = preSolution
		Debug|Any CPU = Debug|Any CPU
		Release|Any CPU = Release|Any CPU
	EndGlobalSection
	GlobalSection(ProjectConfigurationPlatforms) = postSolution
		{037FE1A9-2E00-4562-8197-8D9263BB573D}.Debug|Any CPU.ActiveCfg = Debug|Any CPU
		{037FE1A9-2E00-4562-8197-8D9263BB573D}.Debug|Any CPU.Build.0 = Debug|Any CPU
		{037FE1A9-2E00-4562-8197-8D9263BB573D}.Release|Any CPU.ActiveCfg = Release|Any CPU
		{037FE1A9-2E00-4562-8197-8D9263BB573D}.Release|Any CPU.Build.0 = Release|Any CPU
	EndGlobalSection
	GlobalSection(SolutionProperties) = preSolution
		HideSolutionNode = FALSE
	EndGlobalSection
	GlobalSection(ExtensibilityGlobals) = postSolution
		SolutionGuid = {22DD96A9-E0A4-4C7B-937F-9D8B6AA6E674}
	EndGlobalSection
EndGlobal
